[[package]]
name = "asgiref"
version = "3.5.2"
description = "ASGI specs, helper code, and adapters"
category = "main"
optional = false
python-versions = ">=3.7"

[package.extras]
tests = ["pytest", "pytest-asyncio", "mypy (>=0.800)"]

[[package]]
name = "certifi"
version = "2022.6.15"
description = "Python package for providing Mozilla's CA Bundle."
category = "main"
optional = false
python-versions = ">=3.6"

[[package]]
name = "charset-normalizer"
version = "2.0.12"
description = "The Real First Universal Charset Detector. Open, modern and actively maintained alternative to Chardet."
category = "main"
optional = false
python-versions = ">=3.5.0"

[package.extras]
unicode_backport = ["unicodedata2"]

[[package]]
name = "django"
version = "4.0.7"
description = "A high-level Python web framework that encourages rapid development and clean, pragmatic design."
category = "main"
optional = false
python-versions = ">=3.8"

[package.dependencies]
asgiref = ">=3.4.1,<4"
sqlparse = ">=0.2.2"
tzdata = {version = "*", markers = "sys_platform == \"win32\""}

[package.extras]
argon2 = ["argon2-cffi (>=19.1.0)"]
bcrypt = ["bcrypt"]

[[package]]
name = "django-debug-toolbar"
version = "3.5.0"
description = "A configurable set of panels that display various debug information about the current request/response."
category = "main"
optional = false
python-versions = ">=3.7"

[package.dependencies]
Django = ">=3.2"
sqlparse = ">=0.2.0"

[[package]]
name = "django-ipware"
version = "4.0.2"
description = "A Django application to retrieve user's IP address"
category = "main"
optional = false
python-versions = ">=2.7, !=3.0.*, !=3.1.*, !=3.2.*, !=3.3.*, !=3.4.*, !=3.5.*"

[[package]]
name = "django-macaddress"
version = "1.8.0"
description = "MAC address model and form fields for Django apps."
category = "main"
optional = false
python-versions = "*"

[package.dependencies]
netaddr = "*"

[[package]]
name = "idna"
version = "3.3"
description = "Internationalized Domain Names in Applications (IDNA)"
category = "main"
optional = false
python-versions = ">=3.5"

[[package]]
name = "netaddr"
version = "0.8.0"
description = "A network address manipulation library for Python"
category = "main"
optional = false
python-versions = "*"

[[package]]
name = "requests"
version = "2.27.1"
description = "Python HTTP for Humans."
category = "main"
optional = false
python-versions = ">=2.7, !=3.0.*, !=3.1.*, !=3.2.*, !=3.3.*, !=3.4.*, !=3.5.*"

[package.dependencies]
certifi = ">=2017.4.17"
charset-normalizer = {version = ">=2.0.0,<2.1.0", markers = "python_version >= \"3\""}
idna = {version = ">=2.5,<4", markers = "python_version >= \"3\""}
urllib3 = ">=1.21.1,<1.27"

[package.extras]
socks = ["PySocks (>=1.5.6,!=1.5.7)", "win-inet-pton"]
use_chardet_on_py3 = ["chardet (>=3.0.2,<5)"]

[[package]]
name = "sqlparse"
version = "0.4.2"
description = "A non-validating SQL parser."
category = "main"
optional = false
python-versions = ">=3.5"

[[package]]
name = "tzdata"
version = "2022.1"
description = "Provider of IANA time zone data"
category = "main"
optional = false
python-versions = ">=2"

[[package]]
name = "urllib3"
version = "1.26.11"
description = "HTTP library with thread-safe connection pooling, file post, and more."
category = "main"
optional = false
python-versions = ">=2.7, !=3.0.*, !=3.1.*, !=3.2.*, !=3.3.*, !=3.4.*, !=3.5.*, <4"

[package.extras]
brotli = ["brotlicffi (>=0.8.0)", "brotli (>=1.0.9)", "brotlipy (>=0.6.0)"]
secure = ["pyOpenSSL (>=0.14)", "cryptography (>=1.3.4)", "idna (>=2.0.0)", "certifi", "ipaddress"]
socks = ["PySocks (>=1.5.6,!=1.5.7,<2.0)"]

[metadata]
lock-version = "1.1"
python-versions = "~3.10"
content-hash = "960515f46a743f2d499120afaeaf2dec91873ea4501f266e57af64ce8687007e"

[metadata.files]
asgiref = [
    {file = "asgiref-3.5.2-py3-none-any.whl", hash = "sha256:1d2880b792ae8757289136f1db2b7b99100ce959b2aa57fd69dab783d05afac4"},
    {file = "asgiref-3.5.2.tar.gz", hash = "sha256:4a29362a6acebe09bf1d6640db38c1dc3d9217c68e6f9f6204d72667fc19a424"},
]
certifi = [
    {file = "certifi-2022.6.15-py3-none-any.whl", hash = "sha256:fe86415d55e84719d75f8b69414f6438ac3547d2078ab91b67e779ef69378412"},
    {file = "certifi-2022.6.15.tar.gz", hash = "sha256:84c85a9078b11105f04f3036a9482ae10e4621616db313fe045dd24743a0820d"},
]
charset-normalizer = [
    {file = "charset-normalizer-2.0.12.tar.gz", hash = "sha256:2857e29ff0d34db842cd7ca3230549d1a697f96ee6d3fb071cfa6c7393832597"},
    {file = "charset_normalizer-2.0.12-py3-none-any.whl", hash = "sha256:6881edbebdb17b39b4eaaa821b438bf6eddffb4468cf344f09f89def34a8b1df"},
]
django = [
    {file = "Django-4.0.7-py3-none-any.whl", hash = "sha256:41bd65a9e5f8a89cdbfa7a7bba45cd7431ae89e750af82dea8a35fd1a7ecbe66"},
    {file = "Django-4.0.7.tar.gz", hash = "sha256:9c6d5ad36be798e562ddcaa6b17b1c3ff2d3c4f529a47432b69fb9a30f847461"},
]
django-debug-toolbar = [
    {file = "django-debug-toolbar-3.5.0.tar.gz", hash = "sha256:97965f2630692de316ea0c1ca5bfa81660d7ba13146dbc6be2059cf55b35d0e5"},
    {file = "django_debug_toolbar-3.5.0-py3-none-any.whl", hash = "sha256:89a52128309eb4da12738801ff0c202d2ff8730d1c3225fac6acf630c303e661"},
]
django-ipware = [
    {file = "django-ipware-4.0.2.tar.gz", hash = "sha256:602a58325a4808bd19197fef2676a0b2da2df40d0ecf21be414b2ff48c72ad05"},
    {file = "django_ipware-4.0.2-py2.py3-none-any.whl", hash = "sha256:878dbb06a87e25550798e9ef3204ed70a200dd8b15e47dcef848cf08244f04c9"},
]
django-macaddress = [
    {file = "django-macaddress-1.8.0.tar.gz", hash = "sha256:a75a2a67327ee513006f6b848897d56d470f6d226a6fd1ffa2a1f5f205cfe949"},
    {file = "django_macaddress-1.8.0-py2.py3-none-any.whl", hash = "sha256:5db6740e1126cf79db0a9c6ad322125eb15b3d6eeff76142df2be2048756f253"},
]
idna = [
    {file = "idna-3.3-py3-none-any.whl", hash = "sha256:84d9dd047ffa80596e0f246e2eab0b391788b0503584e8945f2368256d2735ff"},
    {file = "idna-3.3.tar.gz", hash = "sha256:9d643ff0a55b762d5cdb124b8eaa99c66322e2157b69160bc32796e824360e6d"},
]
netaddr = [
    {file = "netaddr-0.8.0-py2.py3-none-any.whl", hash = "sha256:9666d0232c32d2656e5e5f8d735f58fd6c7457ce52fc21c98d45f2af78f990ac"},
    {file = "netaddr-0.8.0.tar.gz", hash = "sha256:d6cc57c7a07b1d9d2e917aa8b36ae8ce61c35ba3fcd1b83ca31c5a0ee2b5a243"},
]
requests = [
    {file = "requests-2.27.1-py2.py3-none-any.whl", hash = "sha256:f22fa1e554c9ddfd16e6e41ac79759e17be9e492b3587efa038054674760e72d"},
    {file = "requests-2.27.1.tar.gz", hash = "sha256:68d7c56fd5a8999887728ef304a6d12edc7be74f1cfa47714fc8b414525c9a61"},
]
sqlparse = [
    {file = "sqlparse-0.4.2-py3-none-any.whl", hash = "sha256:48719e356bb8b42991bdbb1e8b83223757b93789c00910a616a071910ca4a64d"},
    {file = "sqlparse-0.4.2.tar.gz", hash = "sha256:0c00730c74263a94e5a9919ade150dfc3b19c574389985446148402998287dae"},
]
tzdata = [
    {file = "tzdata-2022.1-py2.py3-none-any.whl", hash = "sha256:238e70234214138ed7b4e8a0fab0e5e13872edab3be586ab8198c407620e2ab9"},
    {file = "tzdata-2022.1.tar.gz", hash = "sha256:8b536a8ec63dc0751342b3984193a3118f8fca2afe25752bb9b7fffd398552d3"},
]
urllib3 = [
    {file = "urllib3-1.26.11-py2.py3-none-any.whl", hash = "sha256:c33ccba33c819596124764c23a97d25f32b28433ba0dedeb77d873a38722c9bc"},
    {file = "urllib3-1.26.11.tar.gz", hash = "sha256:ea6e8fb210b19d950fab93b60c9009226c63a28808bc8386e05301e25883ac0a"},
]
